#MicroXplorer Configuration settings - do not modify
Mcu.Family=STM32F1
VP_RTC_VS_RTC_Activate.Signal=RTC_VS_RTC_Activate
RCC.PLLSourceVirtual=RCC_PLLSOURCE_HSE
ProjectManager.MainLocation=Src
PC15-OSC32_OUT.Mode=LSE-External-Oscillator
RCC.MCOFreq_Value=72000000
ProjectManager.ProjectFileName=GRD_40.ioc
PD1-OSC_OUT.Mode=HSE-External-Oscillator
ProjectManager.KeepUserCode=true
Mcu.UserName=STM32F103C8Tx
PA15.GPIOParameters=GPIO_Speed,GPIO_PuPd,GPIO_Label
Mcu.PinsNb=23
SPI2.VirtualType=VM_MASTER
ProjectManager.NoMain=false
TIM1.IPParameters=Prescaler,Period
RCC.PLLCLKFreq_Value=72000000
PA3.GPIO_PuPd=GPIO_NOPULL
PA12.GPIOParameters=GPIO_Speed,GPIO_PuPd,GPIO_Label
ProjectManager.functionlistsort=1-MX_GPIO_Init-GPIO-false-HAL-true,2-SystemClock_Config-RCC-false-HAL-false,3-MX_I2C1_Init-I2C1-false-HAL-true,4-MX_RTC_Init-RTC-false-HAL-true,5-MX_TIM1_Init-TIM1-false-HAL-true,6-MX_CRC_Init-CRC-false-HAL-true,7-MX_SPI2_Init-SPI2-false-HAL-true
PB11.GPIO_Label=OneWR
VP_RTC_VS_RTC_Activate.Mode=RTC_Enabled
PA3.GPIOParameters=GPIO_PuPd,GPIO_Label
RCC.ADCFreqValue=36000000
ProjectManager.DefaultFWLocation=true
PB6.GPIO_Label=Beep
NVIC.TIM1_UP_IRQn=true\:0\:0\:false\:false\:true\:true\:true
PD0-OSC_IN.Signal=RCC_OSC_IN
PB12.Locked=true
ProjectManager.DeletePrevious=true
PB11.GPIO_PuPd=GPIO_PULLUP
RCC.APB1CLKDivider=RCC_HCLK_DIV2
PC14-OSC32_IN.Signal=RCC_OSC32_IN
PB11.Signal=GPIO_Input
PB13.Signal=SPI2_SCK
PB15.Signal=SPI2_MOSI
PinOutPanel.RotationAngle=0
PA12.GPIO_Label=TFT_DC
RCC.FamilyName=M
RCC.SYSCLKSource=RCC_SYSCLKSOURCE_PLLCLK
ProjectManager.StackSize=0x400
PA0-WKUP.GPIO_Label=Input0
PA0-WKUP.Signal=GPIO_Input
PA0-WKUP.Locked=true
PD1-OSC_OUT.Signal=RCC_OSC_OUT
NVIC.RTC_IRQn=true\:0\:0\:false\:false\:true\:true\:true
PA13.Signal=SYS_JTMS-SWDIO
Mcu.IP4=RTC
RCC.FCLKCortexFreq_Value=72000000
Mcu.IP5=SPI2
Mcu.IP2=NVIC
NVIC.SVCall_IRQn=true\:0\:0\:false\:false\:true\:false\:false
Mcu.IP3=RCC
PA15.GPIO_Label=TFT_CS
Mcu.IP0=CRC
PA12.Locked=true
PA15.Locked=true
Mcu.IP1=I2C1
PA12.Signal=GPIO_Output
TIM1.Prescaler=719
Mcu.UserConstants=
ProjectManager.TargetToolchain=MDK-ARM V5
Mcu.ThirdPartyNb=0
VP_CRC_VS_CRC.Signal=CRC_VS_CRC
RCC.HCLKFreq_Value=72000000
Mcu.IPNb=8
ProjectManager.PreviousToolchain=
PB9.Mode=I2C
RCC.APB2TimFreq_Value=72000000
PB6.Signal=GPIO_Output
VP_TIM1_VS_ClockSourceINT.Signal=TIM1_VS_ClockSourceINT
PB11.GPIOParameters=GPIO_PuPd,GPIO_Label
SPI2.IPParameters=VirtualType,Mode,Direction,CalculateBaudRate
Mcu.Pin6=PA4
Mcu.Pin7=PB11
Mcu.Pin8=PB12
RCC.USBFreq_Value=72000000
Mcu.Pin9=PB13
PC15-OSC32_OUT.Signal=RCC_OSC32_OUT
RCC.AHBFreq_Value=72000000
PB12.GPIO_Speed=GPIO_SPEED_FREQ_HIGH
Mcu.Pin0=PC14-OSC32_IN
Mcu.Pin1=PC15-OSC32_OUT
GPIO.groupedBy=Group By Peripherals
PD0-OSC_IN.Mode=HSE-External-Oscillator
Mcu.Pin2=PD0-OSC_IN
Mcu.Pin3=PD1-OSC_OUT
PA0-WKUP.GPIOParameters=GPIO_PuPd,GPIO_Label
Mcu.Pin4=PA0-WKUP
Mcu.Pin5=PA3
PB14.Signal=SPI2_MISO
ProjectManager.ProjectBuild=false
NVIC.UsageFault_IRQn=true\:0\:0\:false\:false\:true\:false\:false
NVIC.DebugMonitor_IRQn=true\:0\:0\:false\:false\:true\:false\:false
PA4.GPIO_PuPd=GPIO_PULLUP
board=custom
PA4.Locked=true
NVIC.SysTick_IRQn=true\:0\:0\:false\:false\:true\:false\:true
ProjectManager.LastFirmware=true
RCC.PLLMUL=RCC_PLL_MUL9
PA4.GPIO_Speed=GPIO_SPEED_FREQ_HIGH
PB15.Mode=Full_Duplex_Master
PB12.GPIO_Label=TFT_RST
RCC.VCOOutput2Freq_Value=8000000
ProjectManager.FirmwarePackage=STM32Cube FW_F1 V1.8.4
MxDb.Version=DB.5.0.60
RCC.APB2Freq_Value=72000000
ProjectManager.BackupPrevious=false
MxCube.Version=5.6.1
PC14-OSC32_IN.Mode=LSE-External-Oscillator
PA14.Mode=Serial_Wire
PB14.Mode=Full_Duplex_Master
File.Version=6
VP_SYS_VS_Systick.Mode=SysTick
SPI2.CalculateBaudRate=18.0 MBits/s
NVIC.NonMaskableInt_IRQn=true\:0\:0\:false\:false\:true\:false\:false
PA4.GPIOParameters=GPIO_Speed,GPIO_PuPd,GPIO_Label
PB6.Locked=true
NVIC.PendSV_IRQn=true\:0\:0\:false\:false\:true\:false\:false
PA13.Mode=Serial_Wire
ProjectManager.FreePins=false
RCC.IPParameters=ADCFreqValue,AHBFreq_Value,APB1CLKDivider,APB1Freq_Value,APB1TimFreq_Value,APB2Freq_Value,APB2TimFreq_Value,FCLKCortexFreq_Value,FamilyName,HCLKFreq_Value,MCOFreq_Value,PLLCLKFreq_Value,PLLMCOFreq_Value,PLLMUL,PLLSourceVirtual,SYSCLKFreq_VALUE,SYSCLKSource,TimSysFreq_Value,USBFreq_Value,VCOOutput2Freq_Value
ProjectManager.AskForMigrate=true
Mcu.Name=STM32F103C(8-B)Tx
PB6.GPIOParameters=GPIO_Label
ProjectManager.HalAssertFull=false
VP_TIM1_VS_ClockSourceINT.Mode=Internal
ProjectManager.ProjectName=GRD_40
ProjectManager.UnderRoot=false
Mcu.IP6=SYS
RCC.PLLMCOFreq_Value=36000000
Mcu.IP7=TIM1
ProjectManager.CoupleFile=false
PA4.Signal=GPIO_Output
RCC.SYSCLKFreq_VALUE=72000000
Mcu.Package=LQFP48
PB9.Signal=I2C1_SDA
Mcu.Pin22=VP_TIM1_VS_ClockSourceINT
RCC.TimSysFreq_Value=72000000
Mcu.Pin20=VP_RTC_VS_RTC_Activate
PA3.Locked=true
Mcu.Pin21=VP_SYS_VS_Systick
SPI2.Mode=SPI_MODE_MASTER
NVIC.ForceEnableDMAVector=true
KeepUserPlacement=false
NVIC.MemoryManagement_IRQn=true\:0\:0\:false\:false\:true\:false\:false
ProjectManager.CompilerOptimize=6
PA15.GPIO_Speed=GPIO_SPEED_FREQ_HIGH
ProjectManager.ToolChainLocation=
VP_SYS_VS_Systick.Signal=SYS_VS_Systick
PA14.Signal=SYS_JTCK-SWCLK
PA15.Signal=GPIO_Output
ProjectManager.HeapSize=0x200
Mcu.Pin15=PA15
NVIC.HardFault_IRQn=true\:0\:0\:false\:false\:true\:false\:false
Mcu.Pin16=PB6
Mcu.Pin13=PA13
Mcu.Pin14=PA14
Mcu.Pin19=VP_CRC_VS_CRC
ProjectManager.ComputerToolchain=false
Mcu.Pin17=PB8
Mcu.Pin18=PB9
NVIC.PriorityGroup=NVIC_PRIORITYGROUP_4
Mcu.Pin11=PB15
Mcu.Pin12=PA12
PB8.Mode=I2C
Mcu.Pin10=PB14
PA15.GPIO_PuPd=GPIO_PULLUP
RCC.APB1TimFreq_Value=72000000
PB8.Signal=I2C1_SCL
PA0-WKUP.GPIO_PuPd=GPIO_PULLUP
NVIC.BusFault_IRQn=true\:0\:0\:false\:false\:true\:false\:false
SPI2.Direction=SPI_DIRECTION_2LINES
TIM1.Period=999
PB13.Mode=Full_Duplex_Master
PB12.GPIO_PuPd=GPIO_PULLUP
PA12.GPIO_PuPd=GPIO_NOPULL
RCC.APB1Freq_Value=36000000
VP_CRC_VS_CRC.Mode=CRC_Activate
PA4.GPIO_Label=T_CS
ProjectManager.CustomerFirmwarePackage=
PB11.Locked=true
ProjectManager.DeviceId=STM32F103C8Tx
PB12.GPIOParameters=GPIO_Speed,GPIO_PuPd,GPIO_Label
PA12.GPIO_Speed=GPIO_SPEED_FREQ_LOW
PB12.Signal=GPIO_Output
ProjectManager.LibraryCopy=0
PA3.GPIO_Label=T_IRQ
PA3.Signal=GPIO_Input
